// !$*UTF8*$!
{
	archiveVersion = 1;
	classes = {
	};
	objectVersion = 56;
	objects = {

/* Begin PBXBuildFile section */
		AA01 /* TwoSyncApp.swift in Sources */ = {isa = PBXBuildFile; fileRef = FA01 /* TwoSyncApp.swift */; };
		AA02 /* ContentView.swift in Sources */ = {isa = PBXBuildFile; fileRef = FA02 /* ContentView.swift */; };
		AA03 /* Models.swift in Sources */ = {isa = PBXBuildFile; fileRef = FA03 /* Models.swift */; };
		AA04 /* FolderWatcher.swift in Sources */ = {isa = PBXBuildFile; fileRef = FA04 /* FolderWatcher.swift */; };
/* End PBXBuildFile section */

/* Begin PBXFileReference section */
		FA00 /* TwoSync.app */ = {isa = PBXFileReference; explicitFileType = wrapper.application; includeInIndex = 0; path = TwoSync.app; sourceTree = BUILT_PRODUCTS_DIR; };
		FA01 /* TwoSyncApp.swift */ = {isa = PBXFileReference; lastKnownFileType = sourcecode.swift; path = TwoSyncApp.swift; sourceTree = "<group>"; };
		FA02 /* ContentView.swift */ = {isa = PBXFileReference; lastKnownFileType = sourcecode.swift; path = ContentView.swift; sourceTree = "<group>"; };
		FA03 /* Models.swift */ = {isa = PBXFileReference; lastKnownFileType = sourcecode.swift; path = Models.swift; sourceTree = "<group>"; };
		FA04 /* FolderWatcher.swift */ = {isa = PBXFileReference; lastKnownFileType = sourcecode.swift; path = FolderWatcher.swift; sourceTree = "<group>"; };
		FA05 /* TwoSync.entitlements */ = {isa = PBXFileReference; lastKnownFileType = text.plist.entitlements; path = TwoSync.entitlements; sourceTree = "<group>"; };
/* End PBXFileReference section */

/* Begin PBXFrameworksBuildPhase section */
		FB01 /* Frameworks */ = {
			isa = PBXFrameworksBuildPhase;
			buildActionMask = 2147483647;
			files = ();
			runOnlyForDeploymentPostprocessing = 0;
		};
/* End PBXFrameworksBuildPhase section */

/* Begin PBXGroup section */
		FC00 /* root */ = {
			isa = PBXGroup;
			children = (
				FC01 /* TwoSync */,
				FC02 /* Products */,
			);
			sourceTree = "<group>";
		};
		FC01 /* TwoSync */ = {
			isa = PBXGroup;
			children = (
				FC03 /* Sources */,
				FA05 /* TwoSync.entitlements */,
			);
			name = TwoSync;
			path = TwoSync;
			sourceTree = "<group>";
		};
		FC03 /* Sources */ = {
			isa = PBXGroup;
			children = (
				FC04 /* TwoSync (inner) */,
			);
			name = Sources;
			path = Sources;
			sourceTree = "<group>";
		};
		FC04 /* TwoSync (inner) */ = {
			isa = PBXGroup;
			children = (
				FA01 /* TwoSyncApp.swift */,
				FA02 /* ContentView.swift */,
				FA03 /* Models.swift */,
				FA04 /* FolderWatcher.swift */,
			);
			name = TwoSync;
			path = TwoSync;
			sourceTree = "<group>";
		};
		FC02 /* Products */ = {
			isa = PBXGroup;
			children = (
				FA00 /* TwoSync.app */,
			);
			name = Products;
			sourceTree = "<group>";
		};
/* End PBXGroup section */

/* Begin PBXNativeTarget section */
		FD00 /* TwoSync */ = {
			isa = PBXNativeTarget;
			buildConfigurationList = FE01 /* Build configuration list for PBXNativeTarget "TwoSync" */;
			buildPhases = (
				FB00 /* Sources */,
				FB01 /* Frameworks */,
				FB02 /* Resources */,
			);
			buildRules = ();
			dependencies = ();
			name = TwoSync;
			productName = TwoSync;
			productReference = FA00 /* TwoSync.app */;
			productType = "com.apple.product-type.application";
		};
/* End PBXNativeTarget section */

/* Begin PBXProject section */
		FD99 /* Project object */ = {
			isa = PBXProject;
			attributes = {
				BuildIndependentTargetsInParallel = 1;
				LastSwiftUpdateCheck = 1500;
				LastUpgradeCheck = 1500;
				TargetAttributes = {
					FD00 = {
						CreatedOnToolsVersion = 15.0;
					};
				};
			};
			buildConfigurationList = FE00 /* Build configuration list for PBXProject "TwoSync" */;
			compatibilityVersion = "Xcode 14.0";
			developmentRegion = en;
			hasScannedForEncodings = 0;
			knownRegions = (en, Base);
			mainGroup = FC00;
			productRefGroup = FC02;
			projectDirPath = "";
			projectRoot = "";
			targets = (FD00);
		};
/* End PBXProject section */

/* Begin PBXResourcesBuildPhase section */
		FB02 /* Resources */ = {
			isa = PBXResourcesBuildPhase;
			buildActionMask = 2147483647;
			files = ();
			runOnlyForDeploymentPostprocessing = 0;
		};
/* End PBXResourcesBuildPhase section */

/* Begin PBXSourcesBuildPhase section */
		FB00 /* Sources */ = {
			isa = PBXSourcesBuildPhase;
			buildActionMask = 2147483647;
			files = (
				AA01 /* TwoSyncApp.swift in Sources */,
				AA02 /* ContentView.swift in Sources */,
				AA03 /* Models.swift in Sources */,
				AA04 /* FolderWatcher.swift in Sources */,
			);
			runOnlyForDeploymentPostprocessing = 0;
		};
/* End PBXSourcesBuildPhase section */

/* Begin XCBuildConfiguration section */
		FE10 /* Debug */ = {
			isa = XCBuildConfiguration;
			buildSettings = {
				ALWAYS_SEARCH_USER_PATHS = NO;
				CLANG_ANALYZER_NONNULL = YES;
				CLANG_CXX_LANGUAGE_STANDARD = "gnu++20";
				CLANG_ENABLE_MODULES = YES;
				CLANG_ENABLE_OBJC_ARC = YES;
				CLANG_ENABLE_OBJC_WEAK = YES;
				COPY_PHASE_STRIP = NO;
				DEBUG_INFORMATION_FORMAT = dwarf;
				ENABLE_STRICT_OBJC_MSGSEND = YES;
				ENABLE_TESTABILITY = YES;
				GCC_C_LANGUAGE_STANDARD = gnu17;
				GCC_DYNAMIC_NO_PIC = NO;
				GCC_NO_COMMON_BLOCKS = YES;
				GCC_OPTIMIZATION_LEVEL = 0;
				GCC_PREPROCESSOR_DEFINITIONS = ("DEBUG=1", "$(inherited)");
				GCC_WARN_ABOUT_RETURN_TYPE = YES_ERROR;
				GCC_WARN_UNINITIALIZED_AUTOS = YES_AGGRESSIVE;
				GCC_WARN_UNUSED_FUNCTION = YES;
				GCC_WARN_UNUSED_VARIABLE = YES;
				MACOSX_DEPLOYMENT_TARGET = 13.0;
				MTL_ENABLE_DEBUG_INFO = INCLUDE_SOURCE;
				MTL_FAST_MATH = YES;
				ONLY_ACTIVE_ARCH = YES;
				SDKROOT = macosx;
				SWIFT_ACTIVE_COMPILATION_CONDITIONS = DEBUG;
				SWIFT_OPTIMIZATION_LEVEL = "-Onone";
			};
			name = Debug;
		};
		FE11 /* Release */ = {
			isa = XCBuildConfiguration;
			buildSettings = {
				ALWAYS_SEARCH_USER_PATHS = NO;
				CLANG_CXX_LANGUAGE_STANDARD = "gnu++20";
				CLANG_ENABLE_MODULES = YES;
				CLANG_ENABLE_OBJC_ARC = YES;
				COPY_PHASE_STRIP = NO;
				DEBUG_INFORMATION_FORMAT = "dwarf-with-dsym";
				ENABLE_NS_ASSERTIONS = NO;
				ENABLE_STRICT_OBJC_MSGSEND = YES;
				GCC_C_LANGUAGE_STANDARD = gnu17;
				GCC_NO_COMMON_BLOCKS = YES;
				GCC_WARN_ABOUT_RETURN_TYPE = YES_ERROR;
				GCC_WARN_UNINITIALIZED_AUTOS = YES_AGGRESSIVE;
				GCC_WARN_UNUSED_FUNCTION = YES;
				GCC_WARN_UNUSED_VARIABLE = YES;
				MACOSX_DEPLOYMENT_TARGET = 13.0;
				MTL_FAST_MATH = YES;
				SDKROOT = macosx;
				SWIFT_COMPILATION_MODE = wholemodule;
				SWIFT_OPTIMIZATION_LEVEL = "-O";
			};
			name = Release;
		};
		FE20 /* Debug */ = {
			isa = XCBuildConfiguration;
			buildSettings = {
				CODE_SIGN_ENTITLEMENTS = "TwoSync/TwoSync.entitlements";
				CODE_SIGN_STYLE = Automatic;
				COMBINE_HIDPI_IMAGES = YES;
				CURRENT_PROJECT_VERSION = 1;
				DEVELOPMENT_TEAM = "";
				GENERATE_INFOPLIST_FILE = YES;
				INFOPLIST_KEY_LSUIElement = NO;
				INFOPLIST_KEY_NSHumanReadableCopyright = "";
				MACOSX_DEPLOYMENT_TARGET = 13.0;
				MARKETING_VERSION = 1.0;
				PRODUCT_BUNDLE_IDENTIFIER = com.user.TwoSync;
				PRODUCT_NAME = "$(TARGET_NAME)";
				SDKROOT = macosx;
				SWIFT_EMIT_LOC_STRINGS = YES;
				SWIFT_VERSION = 5.0;
			};
			name = Debug;
		};
		FE21 /* Release */ = {
			isa = XCBuildConfiguration;
			buildSettings = {
				CODE_SIGN_ENTITLEMENTS = "TwoSync/TwoSync.entitlements";
				CODE_SIGN_STYLE = Automatic;
				COMBINE_HIDPI_IMAGES = YES;
				CURRENT_PROJECT_VERSION = 1;
				DEVELOPMENT_TEAM = "";
				GENERATE_INFOPLIST_FILE = YES;
				INFOPLIST_KEY_LSUIElement = NO;
				INFOPLIST_KEY_NSHumanReadableCopyright = "";
				MACOSX_DEPLOYMENT_TARGET = 13.0;
				MARKETING_VERSION = 1.0;
				PRODUCT_BUNDLE_IDENTIFIER = com.user.TwoSync;
				PRODUCT_NAME = "$(TARGET_NAME)";
				SDKROOT = macosx;
				SWIFT_EMIT_LOC_STRINGS = YES;
				SWIFT_VERSION = 5.0;
			};
			name = Release;
		};
/* End XCBuildConfiguration section */

/* Begin XCConfigurationList section */
		FE00 /* Build configuration list for PBXProject "TwoSync" */ = {
			isa = XCConfigurationList;
			buildConfigurations = (FE10, FE11);
			defaultConfigurationIsDebug = 0;
			defaultConfigurationName = Release;
		};
		FE01 /* Build configuration list for PBXNativeTarget "TwoSync" */ = {
			isa = XCConfigurationList;
			buildConfigurations = (FE20, FE21);
			defaultConfigurationIsDebug = 0;
			defaultConfigurationName = Release;
		};
/* End XCConfigurationList section */

	};
	rootObject = FD99 /* Project object */;
}
